
Microsoft Visual Studio Solution File, Format Version 12.00
# Visual Studio Version 17
VisualStudioVersion = 17.5.33627.172
MinimumVisualStudioVersion = 10.0.40219.1
Project("{9A19103F-16F7-4668-BE54-9A1E7A4F7556}") = "api_proyecto_web", "api_proyecto_web\api_proyecto_web.csproj", "{65850DC2-1B7E-43C2-967D-2A95272067E1}"
EndProject
Project("{FAE04EC0-301F-11D3-BF4B-00C04F79EFBC}") = "consola de Pruebas", "consola de Pruebas\consola de Pruebas.csproj", "{FE3B37CE-D5F5-4BCF-ABA5-D803EB0B1FC4}"
EndProject
Global
	GlobalSection(SolutionConfigurationPlatforms) = preSolution
		Debug|Any CPU = Debug|Any CPU
		Release|Any CPU = Release|Any CPU
	EndGlobalSection
	GlobalSection(ProjectConfigurationPlatforms) = postSolution
		{65850DC2-1B7E-43C2-967D-2A95272067E1}.Debug|Any CPU.ActiveCfg = Debug|Any CPU
		{65850DC2-1B7E-43C2-967D-2A95272067E1}.Debug|Any CPU.Build.0 = Debug|Any CPU
		{65850DC2-1B7E-43C2-967D-2A95272067E1}.Release|Any CPU.ActiveCfg = Release|Any CPU
		{65850DC2-1B7E-43C2-967D-2A95272067E1}.Release|Any CPU.Build.0 = Release|Any CPU
		{FE3B37CE-D5F5-4BCF-ABA5-D803EB0B1FC4}.Debug|Any CPU.ActiveCfg = Debug|Any CPU
		{FE3B37CE-D5F5-4BCF-ABA5-D803EB0B1FC4}.Debug|Any CPU.Build.0 = Debug|Any CPU
		{FE3B37CE-D5F5-4BCF-ABA5-D803EB0B1FC4}.Release|Any CPU.ActiveCfg = Release|Any CPU
		{FE3B37CE-D5F5-4BCF-ABA5-D803EB0B1FC4}.Release|Any CPU.Build.0 = Release|Any CPU
	EndGlobalSection
	GlobalSection(SolutionProperties) = preSolution
		HideSolutionNode = FALSE
	EndGlobalSection
	GlobalSection(ExtensibilityGlobals) = postSolution
		SolutionGuid = {4B3D218E-41C3-446A-B4D0-42B1E29FB306}
	EndGlobalSection
EndGlobal
